
Microsoft Visual Studio Solution File, Format Version 12.00
# Visual Studio 15
Project("{FAE04EC0-301F-11D3-BF4B-00C04F79EFBC}") = "ReflexionBasic", "ReflexionBasic\ReflexionBasic.csproj", "{1A6928F6-6CF1-47A1-9DD7-D1DAED6895A8}"
EndProject
Global
	GlobalSection(SolutionConfigurationPlatforms) = preSolution
		Debug|anycpu = Debug|anycpu
		Release|anycpu = Release|anycpu
	EndGlobalSection
	GlobalSection(ProjectConfigurationPlatforms) = postSolution
		{1A6928F6-6CF1-47A1-9DD7-D1DAED6895A8}.Debug|anycpu.ActiveCfg = Debug|anycpu
		{1A6928F6-6CF1-47A1-9DD7-D1DAED6895A8}.Debug|anycpu.Build.0 = Debug|anycpu
		{1A6928F6-6CF1-47A1-9DD7-D1DAED6895A8}.Release|anycpu.ActiveCfg = Release|anycpu
		{1A6928F6-6CF1-47A1-9DD7-D1DAED6895A8}.Release|anycpu.Build.0 = Release|anycpu
	EndGlobalSection
EndGlobal
